{
  "aae/cashflow/hard_floors.py": "b162b113b1035317e15e29689b02367acf7e54f0eb4d78a31d434438fc6e47b7",
  "aae/config/frozen/expansion_rungs.py": "3aa645d66a86e60666bd4b3d5cda5c85f80e651c5f2f9298280994475d01cbf8",
  "aae/config/frozen/model_routing.py": "c5d70f946cd63b1bfa769a6e0e1057be0c50719308d2278255e157a335ecc869",
  "aae/core/trust_boundary.py": "61d95201d204ff2d875671bc3386b1a555d55de47f55afefc8d0745959931a2a",
  "aae/ethics/auditor.py": "13e95d9e0c6f305430f68bb632b08f54acfabece77bbcaa1e88e8fdd412a8b3b",
  "aae/ethics/prompt.md": "87397adb32630a0b3405a9cc152f7ff1e7202560971a449f4c0e17f375ac55bc",
  "aae/preregistration/canonical.py": "218d53392a4a048f66ee6dd3cbe1cbf84104941af8faf7ffbf74b0c807396fb3",
  "aae/preregistration/schema.py": "31681a69fd39010871114cab5a01c7feb9750db3e52ac9b625e21129c2ac6fe3"
}
